
Microsoft Visual Studio Solution File, Format Version 12.00
Project("{2150E333-8FDC-42A3-9474-1A3956D46DE8}") = "Services.ApiGateway", "Services.ApiGateway", "{52CE9480-F365-4C95-96C2-D120A3DFE18C}"
EndProject
Project("{2150E333-8FDC-42A3-9474-1A3956D46DE8}") = "src", "src", "{2CC6BCB7-A4CC-4AC3-95A0-1F206D29912C}"
EndProject
Project("{FAE04EC0-301F-11D3-BF4B-00C04F79EFBC}") = "Services.ApiGateway.Api", "..\Services.ApiGateway\src\Services.ApiGateway.Api\Services.ApiGateway.Api.csproj", "{CD142721-466B-419D-8CA4-B6331A5BE45D}"
EndProject
Project("{2150E333-8FDC-42A3-9474-1A3956D46DE8}") = "Services.Identity", "Services.Identity", "{8B403D9D-422A-4E43-B805-56380CE82AF6}"
EndProject
Project("{2150E333-8FDC-42A3-9474-1A3956D46DE8}") = "src", "src", "{724A6452-4B61-4347-AE69-FFA6913EDDA7}"
EndProject
Project("{2150E333-8FDC-42A3-9474-1A3956D46DE8}") = "tests", "tests", "{0F8374FF-9FDA-4C01-B0A9-0E0F38B1BF06}"
EndProject
Project("{FAE04EC0-301F-11D3-BF4B-00C04F79EFBC}") = "Services.Identity.Api", "..\Services.Identity\src\Services.Identity.Api\Services.Identity.Api.csproj", "{A3F89711-2653-40F1-B3CC-9A404C85A165}"
EndProject
Project("{FAE04EC0-301F-11D3-BF4B-00C04F79EFBC}") = "Services.Identity.Application", "..\Services.Identity\src\Services.Identity.Application\Services.Identity.Application.csproj", "{ADF08542-95F5-43E8-8AB5-A0DD99DD0240}"
EndProject
Project("{FAE04EC0-301F-11D3-BF4B-00C04F79EFBC}") = "Services.Identity.Core", "..\Services.Identity\src\Services.Identity.Core\Services.Identity.Core.csproj", "{A4160774-1930-4210-B724-9D9922764B8E}"
EndProject
Project("{FAE04EC0-301F-11D3-BF4B-00C04F79EFBC}") = "Services.Identity.Infrastructure", "..\Services.Identity\src\Services.Identity.Infrastructure\Services.Identity.Infrastructure.csproj", "{E45E99D0-F1FA-4E3F-B8CC-FBAA7DE90FB6}"
EndProject
Project("{FAE04EC0-301F-11D3-BF4B-00C04F79EFBC}") = "Services.Identity.Tests.EndToEnd", "..\Services.Identity\tests\Services.Identity.Tests.EndToEnd\Services.Identity.Tests.EndToEnd.csproj", "{D8D54CF3-7F0B-4E73-8F22-B58075365FAA}"
EndProject
Project("{FAE04EC0-301F-11D3-BF4B-00C04F79EFBC}") = "Services.Identity.Tests.Integration", "..\Services.Identity\tests\Services.Identity.Tests.Integration\Services.Identity.Tests.Integration.csproj", "{F2D66117-BD3D-49BB-B81B-E48013950D43}"
EndProject
Project("{FAE04EC0-301F-11D3-BF4B-00C04F79EFBC}") = "Services.Identity.Tests.Performance", "..\Services.Identity\tests\Services.Identity.Tests.Performance\Services.Identity.Tests.Performance.csproj", "{636D9DD1-CE70-4B69-BB01-78BD3DB929C2}"
EndProject
Project("{FAE04EC0-301F-11D3-BF4B-00C04F79EFBC}") = "Services.Identity.Tests.Shared", "..\Services.Identity\tests\Services.Identity.Tests.Shared\Services.Identity.Tests.Shared.csproj", "{205273D1-8801-4E94-A5C2-FAB84FE192C7}"
EndProject
Project("{FAE04EC0-301F-11D3-BF4B-00C04F79EFBC}") = "Services.Identity.Tests.Unit", "..\Services.Identity\tests\Services.Identity.Tests.Unit\Services.Identity.Tests.Unit.csproj", "{F4E1AEBC-CAE1-4CFB-BC21-9B95C6FE0534}"
EndProject
Project("{2150E333-8FDC-42A3-9474-1A3956D46DE8}") = "Services.User", "Services.User", "{83E59FC0-0A82-4744-96DA-83F573B2B418}"
EndProject
Project("{2150E333-8FDC-42A3-9474-1A3956D46DE8}") = "src", "src", "{8F536070-DCC3-4503-8C1C-D68008EADD42}"
EndProject
Project("{2150E333-8FDC-42A3-9474-1A3956D46DE8}") = "tests", "tests", "{1D8F5FC7-34BB-48AF-AB33-CCB6AF03C0A8}"
EndProject
Project("{FAE04EC0-301F-11D3-BF4B-00C04F79EFBC}") = "Services.User.Api", "..\Services.User\src\Services.User.Api\Services.User.Api.csproj", "{FC4DF80B-4069-46A8-A8FE-0FEE9B8DD18D}"
EndProject
Project("{FAE04EC0-301F-11D3-BF4B-00C04F79EFBC}") = "Services.User.Application", "..\Services.User\src\Services.User.Application\Services.User.Application.csproj", "{C090DB79-32FF-4563-BA47-64637445667B}"
EndProject
Project("{FAE04EC0-301F-11D3-BF4B-00C04F79EFBC}") = "Services.User.Core", "..\Services.User\src\Services.User.Core\Services.User.Core.csproj", "{82D60D49-5AF6-4894-9522-C37A03DD6776}"
EndProject
Project("{FAE04EC0-301F-11D3-BF4B-00C04F79EFBC}") = "Services.User.Infrastructure", "..\Services.User\src\Services.User.Infrastructure\Services.User.Infrastructure.csproj", "{817EC1B5-9F66-41AA-853C-9A041748DCED}"
EndProject
Project("{FAE04EC0-301F-11D3-BF4B-00C04F79EFBC}") = "Services.User.Tests.EndToEnd", "..\Services.User\tests\Services.User.Tests.EndToEnd\Services.User.Tests.EndToEnd.csproj", "{2185A7A5-04E1-4B9D-B7D2-BC47D10116A1}"
EndProject
Project("{FAE04EC0-301F-11D3-BF4B-00C04F79EFBC}") = "Services.User.Tests.Integration", "..\Services.User\tests\Services.User.Tests.Integration\Services.User.Tests.Integration.csproj", "{ACF1D215-E916-4AF6-83D9-AE6C40EB0955}"
EndProject
Project("{FAE04EC0-301F-11D3-BF4B-00C04F79EFBC}") = "Services.User.Tests.Performance", "..\Services.User\tests\Services.User.Tests.Performance\Services.User.Tests.Performance.csproj", "{9F2A117B-9138-489D-BD7B-F4BC4FE2B32D}"
EndProject
Project("{FAE04EC0-301F-11D3-BF4B-00C04F79EFBC}") = "Services.User.Tests.Shared", "..\Services.User\tests\Services.User.Tests.Shared\Services.User.Tests.Shared.csproj", "{4CEB992F-D140-4F53-91CD-2618E296B878}"
EndProject
Project("{FAE04EC0-301F-11D3-BF4B-00C04F79EFBC}") = "Services.User.Tests.Unit", "..\Services.User\tests\Services.User.Tests.Unit\Services.User.Tests.Unit.csproj", "{A857723D-535A-4AD6-ADAE-3126544403DF}"
EndProject
Project("{2150E333-8FDC-42A3-9474-1A3956D46DE8}") = "Services.Localisation", "Services.Localisation", "{8787359A-4F80-489F-A943-54F53A5177F8}"
EndProject
Project("{2150E333-8FDC-42A3-9474-1A3956D46DE8}") = "src", "src", "{136FB519-B7F3-49BD-B905-1350E3BD1905}"
EndProject
Project("{2150E333-8FDC-42A3-9474-1A3956D46DE8}") = "tests", "tests", "{CF780B13-413A-4034-ADC1-C235FFAD7EAD}"
EndProject
Project("{FAE04EC0-301F-11D3-BF4B-00C04F79EFBC}") = "Services.Localisation.Api", "..\Services.Localisation\src\Services.Localisation.Api\Services.Localisation.Api.csproj", "{C0B99DF9-8E5D-44D5-87A8-5A08BA85A52D}"
EndProject
Project("{FAE04EC0-301F-11D3-BF4B-00C04F79EFBC}") = "Services.Localisation.Application", "..\Services.Localisation\src\Services.Localisation.Application\Services.Localisation.Application.csproj", "{02B3AA3D-60D4-4BC5-94C9-92198DAD209F}"
EndProject
Project("{FAE04EC0-301F-11D3-BF4B-00C04F79EFBC}") = "Services.Localisation.Core", "..\Services.Localisation\src\Services.Localisation.Core\Services.Localisation.Core.csproj", "{D3BC1976-BE11-4CF5-B9D5-4127B32028C4}"
EndProject
Project("{FAE04EC0-301F-11D3-BF4B-00C04F79EFBC}") = "Services.Localisation.Infrastructure", "..\Services.Localisation\src\Services.Localisation.Infrastructure\Services.Localisation.Infrastructure.csproj", "{95F712D5-C5EC-40F3-B803-EC0023B71CAA}"
EndProject
Project("{FAE04EC0-301F-11D3-BF4B-00C04F79EFBC}") = "Services.Localisation.Tests.EndToEnd", "..\Services.Localisation\tests\Services.Localisation.Tests.EndToEnd\Services.Localisation.Tests.EndToEnd.csproj", "{50C81CE1-57C4-45F9-BFA0-BB412C86AE3D}"
EndProject
Project("{FAE04EC0-301F-11D3-BF4B-00C04F79EFBC}") = "Services.Localisation.Tests.Integration", "..\Services.Localisation\tests\Services.Localisation.Tests.Integration\Services.Localisation.Tests.Integration.csproj", "{439F02CB-0610-4572-9C7E-C8B46452127B}"
EndProject
Project("{FAE04EC0-301F-11D3-BF4B-00C04F79EFBC}") = "Services.Localisation.Tests.Performance", "..\Services.Localisation\tests\Services.Localisation.Tests.Performance\Services.Localisation.Tests.Performance.csproj", "{4052B4CD-19A2-4488-BB88-2EC043A2F105}"
EndProject
Project("{FAE04EC0-301F-11D3-BF4B-00C04F79EFBC}") = "Services.Localisation.Tests.Shared", "..\Services.Localisation\tests\Services.Localisation.Tests.Shared\Services.Localisation.Tests.Shared.csproj", "{A939603E-5448-4361-A81D-15C0D34A5DC8}"
EndProject
Project("{FAE04EC0-301F-11D3-BF4B-00C04F79EFBC}") = "Services.Localisation.Tests.Unit", "..\Services.Localisation\tests\Services.Localisation.Tests.Unit\Services.Localisation.Tests.Unit.csproj", "{40D64B75-9A34-480C-9999-6A21561DBC49}"
EndProject
Project("{2150E333-8FDC-42A3-9474-1A3956D46DE8}") = "Services.Route", "Services.Route", "{F6C406FE-4EFA-4530-B3AF-C7904D12BFCA}"
EndProject
Project("{2150E333-8FDC-42A3-9474-1A3956D46DE8}") = "src", "src", "{18DD9370-32B3-44FB-927F-FB24B2C9E371}"
EndProject
Project("{2150E333-8FDC-42A3-9474-1A3956D46DE8}") = "tests", "tests", "{CFFFB5F5-8F1A-4B47-9E09-CC742F58CA01}"
EndProject
Project("{FAE04EC0-301F-11D3-BF4B-00C04F79EFBC}") = "Services.Route.Api", "..\Services.Route\src\Services.Route.Api\Services.Route.Api.csproj", "{DCA91358-FCDE-4903-A7ED-8EB98920AE15}"
EndProject
Project("{FAE04EC0-301F-11D3-BF4B-00C04F79EFBC}") = "Services.Route.Application", "..\Services.Route\src\Services.Route.Application\Services.Route.Application.csproj", "{5E11F52F-B6CE-4235-8C73-8522A2A1B6AC}"
EndProject
Project("{FAE04EC0-301F-11D3-BF4B-00C04F79EFBC}") = "Services.Route.Core", "..\Services.Route\src\Services.Route.Core\Services.Route.Core.csproj", "{E70ADDA0-1B7A-41E8-BEE7-1F2B39775255}"
EndProject
Project("{FAE04EC0-301F-11D3-BF4B-00C04F79EFBC}") = "Services.Route.Infrastructure", "..\Services.Route\src\Services.Route.Infrastructure\Services.Route.Infrastructure.csproj", "{F00CFB5F-48B8-459D-AF92-E0E734F9A83E}"
EndProject
Project("{FAE04EC0-301F-11D3-BF4B-00C04F79EFBC}") = "Services.Route.Tests.EndToEnd", "..\Services.Route\tests\Services.Route.Tests.EndToEnd\Services.Route.Tests.EndToEnd.csproj", "{1AE8BCF6-A206-47F2-B70B-7197CA30EB4A}"
EndProject
Project("{FAE04EC0-301F-11D3-BF4B-00C04F79EFBC}") = "Services.Route.Tests.Integration", "..\Services.Route\tests\Services.Route.Tests.Integration\Services.Route.Tests.Integration.csproj", "{091E5EB1-BC35-426D-9EE8-03F66020375D}"
EndProject
Project("{FAE04EC0-301F-11D3-BF4B-00C04F79EFBC}") = "Services.Route.Tests.Performance", "..\Services.Route\tests\Services.Route.Tests.Performance\Services.Route.Tests.Performance.csproj", "{D222FB3A-89A3-4E0C-9CF6-B3271333CCC7}"
EndProject
Project("{FAE04EC0-301F-11D3-BF4B-00C04F79EFBC}") = "Services.Route.Tests.Shared", "..\Services.Route\tests\Services.Route.Tests.Shared\Services.Route.Tests.Shared.csproj", "{400FE469-E38B-4470-916D-13B0855C245F}"
EndProject
Project("{FAE04EC0-301F-11D3-BF4B-00C04F79EFBC}") = "Services.Route.Tests.Unit", "..\Services.Route\tests\Services.Route.Tests.Unit\Services.Route.Tests.Unit.csproj", "{784CBA17-9046-4E7A-B1FC-D78698F0FDA6}"
EndProject
Project("{2150E333-8FDC-42A3-9474-1A3956D46DE8}") = "Services.Run", "Services.Run", "{A3EB2E2A-D5E1-4873-B5E9-A0F23D28EFC0}"
EndProject
Project("{2150E333-8FDC-42A3-9474-1A3956D46DE8}") = "src", "src", "{2C743279-1BFF-462D-96A9-83D296A9337A}"
EndProject
Project("{2150E333-8FDC-42A3-9474-1A3956D46DE8}") = "tests", "tests", "{158C518D-3243-42D3-AF3F-C27144109D29}"
EndProject
Project("{FAE04EC0-301F-11D3-BF4B-00C04F79EFBC}") = "Services.Run.Api", "..\Services.Run\src\Services.Run.Api\Services.Run.Api.csproj", "{7C9D0F87-B1E2-4816-92FC-43EE19B2A1C2}"
EndProject
Project("{FAE04EC0-301F-11D3-BF4B-00C04F79EFBC}") = "Services.Run.Application", "..\Services.Run\src\Services.Run.Application\Services.Run.Application.csproj", "{1AFFE0DD-914B-46CB-9E23-270AE0028A16}"
EndProject
Project("{FAE04EC0-301F-11D3-BF4B-00C04F79EFBC}") = "Services.Run.Core", "..\Services.Run\src\Services.Run.Core\Services.Run.Core.csproj", "{370147AB-7A6A-436A-83E1-860D26E70626}"
EndProject
Project("{FAE04EC0-301F-11D3-BF4B-00C04F79EFBC}") = "Services.Run.Infrastructure", "..\Services.Run\src\Services.Run.Infrastructure\Services.Run.Infrastructure.csproj", "{41DFFCDE-43A2-4C1B-8493-9B842AC30997}"
EndProject
Project("{FAE04EC0-301F-11D3-BF4B-00C04F79EFBC}") = "Services.Run.Tests.EndToEnd", "..\Services.Run\tests\Services.Run.Tests.EndToEnd\Services.Run.Tests.EndToEnd.csproj", "{ABC39B99-EF27-470D-9BC2-1F629B135567}"
EndProject
Project("{FAE04EC0-301F-11D3-BF4B-00C04F79EFBC}") = "Services.Run.Tests.Integration", "..\Services.Run\tests\Services.Run.Tests.Integration\Services.Run.Tests.Integration.csproj", "{38F49077-D279-43AF-A7D4-FE815CB209E3}"
EndProject
Project("{FAE04EC0-301F-11D3-BF4B-00C04F79EFBC}") = "Services.Run.Tests.Performance", "..\Services.Run\tests\Services.Run.Tests.Performance\Services.Run.Tests.Performance.csproj", "{5A148A54-DDD8-494E-9B7C-EBB6A52E5956}"
EndProject
Project("{FAE04EC0-301F-11D3-BF4B-00C04F79EFBC}") = "Services.Run.Tests.Shared", "..\Services.Run\tests\Services.Run.Tests.Shared\Services.Run.Tests.Shared.csproj", "{C3FFFDF1-16B9-4ABA-896E-7C28630DA0C3}"
EndProject
Project("{FAE04EC0-301F-11D3-BF4B-00C04F79EFBC}") = "Services.Run.Tests.Unit", "..\Services.Run\tests\Services.Run.Tests.Unit\Services.Run.Tests.Unit.csproj", "{65F539F0-A9F6-4780-B8E1-116D8641ED8A}"
EndProject
Project("{2150E333-8FDC-42A3-9474-1A3956D46DE8}") = "Services.Score", "Services.Score", "{55ECB5A8-A6DD-42D5-8F81-C41B0B7050E3}"
EndProject
Project("{2150E333-8FDC-42A3-9474-1A3956D46DE8}") = "src", "src", "{01358AE6-C1E6-4856-B52F-3DF0766D35F0}"
EndProject
Project("{2150E333-8FDC-42A3-9474-1A3956D46DE8}") = "tests", "tests", "{DB9224E6-6082-4CC4-B1A7-34A45FFBCF70}"
EndProject
Project("{FAE04EC0-301F-11D3-BF4B-00C04F79EFBC}") = "Services.Score.Api", "..\Services.Score\src\Services.Score.Api\Services.Score.Api.csproj", "{97E1A9C5-F7D8-4D65-8E88-81E9B8A57EEB}"
EndProject
Project("{FAE04EC0-301F-11D3-BF4B-00C04F79EFBC}") = "Services.Score.Application", "..\Services.Score\src\Services.Score.Application\Services.Score.Application.csproj", "{B2586076-0096-4EB1-9973-F0540D1B6E24}"
EndProject
Project("{FAE04EC0-301F-11D3-BF4B-00C04F79EFBC}") = "Services.Score.Core", "..\Services.Score\src\Services.Score.Core\Services.Score.Core.csproj", "{FF17EB34-711A-4236-B2FF-AB875E150805}"
EndProject
Project("{FAE04EC0-301F-11D3-BF4B-00C04F79EFBC}") = "Services.Score.Infrastructure", "..\Services.Score\src\Services.Score.Infrastructure\Services.Score.Infrastructure.csproj", "{AA876413-4156-47AA-A4B4-1DA7E79CCE1F}"
EndProject
Project("{FAE04EC0-301F-11D3-BF4B-00C04F79EFBC}") = "Services.Score.Tests.EndToEnd", "..\Services.Score\tests\Services.Score.Tests.EndToEnd\Services.Score.Tests.EndToEnd.csproj", "{396F4D65-95ED-4ED8-A98F-947A9A38B3F9}"
EndProject
Project("{FAE04EC0-301F-11D3-BF4B-00C04F79EFBC}") = "Services.Score.Tests.Integration", "..\Services.Score\tests\Services.Score.Tests.Integration\Services.Score.Tests.Integration.csproj", "{9CDBA2F1-E548-45D6-9B9A-5742EE15F1B8}"
EndProject
Project("{FAE04EC0-301F-11D3-BF4B-00C04F79EFBC}") = "Services.Score.Tests.Performance", "..\Services.Score\tests\Services.Score.Tests.Performance\Services.Score.Tests.Performance.csproj", "{C7404450-C4E5-49D3-826A-6E6D49EE3F42}"
EndProject
Project("{FAE04EC0-301F-11D3-BF4B-00C04F79EFBC}") = "Services.Score.Tests.Shared", "..\Services.Score\tests\Services.Score.Tests.Shared\Services.Score.Tests.Shared.csproj", "{A850B625-6E83-49B3-937C-087156FA1BAF}"
EndProject
Project("{FAE04EC0-301F-11D3-BF4B-00C04F79EFBC}") = "Services.Score.Tests.Unit", "..\Services.Score\tests\Services.Score.Tests.Unit\Services.Score.Tests.Unit.csproj", "{A31CEE6C-E749-4F8B-AEAD-BBD2A8AAC4AA}"
EndProject
Project("{2150E333-8FDC-42A3-9474-1A3956D46DE8}") = "Services.Achievement", "Services.Achievement", "{A12EA7E4-B336-441B-B72B-2EEE9124780C}"
EndProject
Project("{2150E333-8FDC-42A3-9474-1A3956D46DE8}") = "src", "src", "{96FDCB09-7BE9-4234-A65F-CBEA0E13F0E8}"
EndProject
Project("{2150E333-8FDC-42A3-9474-1A3956D46DE8}") = "tests", "tests", "{77ED7B3A-0B56-4B41-B5DA-14A0CF1D3589}"
EndProject
Project("{FAE04EC0-301F-11D3-BF4B-00C04F79EFBC}") = "Services.Achievement.Api", "..\Services.Achievement\src\Services.Achievement.Api\Services.Achievement.Api.csproj", "{6C66DF72-BA47-4F48-A89E-2C4919A0D8CF}"
EndProject
Project("{FAE04EC0-301F-11D3-BF4B-00C04F79EFBC}") = "Services.Achievement.Application", "..\Services.Achievement\src\Services.Achievement.Application\Services.Achievement.Application.csproj", "{25A1292D-562C-4E93-8AA0-7627595546D3}"
EndProject
Project("{FAE04EC0-301F-11D3-BF4B-00C04F79EFBC}") = "Services.Achievement.Core", "..\Services.Achievement\src\Services.Achievement.Core\Services.Achievement.Core.csproj", "{8342D30C-FBE4-4FF8-B985-E4E45B956A87}"
EndProject
Project("{FAE04EC0-301F-11D3-BF4B-00C04F79EFBC}") = "Services.Achievement.Infrastructure", "..\Services.Achievement\src\Services.Achievement.Infrastructure\Services.Achievement.Infrastructure.csproj", "{E8AC5069-554E-4BEC-9AD6-E3D1144A839E}"
EndProject
Project("{FAE04EC0-301F-11D3-BF4B-00C04F79EFBC}") = "Services.Achievement.Tests.EndToEnd", "..\Services.Achievement\tests\Services.Achievement.Tests.EndToEnd\Services.Achievement.Tests.EndToEnd.csproj", "{6109EDDD-6973-4DEB-9794-C040629B9020}"
EndProject
Project("{FAE04EC0-301F-11D3-BF4B-00C04F79EFBC}") = "Services.Achievement.Tests.Integration", "..\Services.Achievement\tests\Services.Achievement.Tests.Integration\Services.Achievement.Tests.Integration.csproj", "{685C044E-4E71-448E-B36D-B7817C434AC6}"
EndProject
Project("{FAE04EC0-301F-11D3-BF4B-00C04F79EFBC}") = "Services.Achievement.Tests.Performance", "..\Services.Achievement\tests\Services.Achievement.Tests.Performance\Services.Achievement.Tests.Performance.csproj", "{98D98D62-C409-4681-BFA4-4077D60ACDE4}"
EndProject
Project("{FAE04EC0-301F-11D3-BF4B-00C04F79EFBC}") = "Services.Achievement.Tests.Shared", "..\Services.Achievement\tests\Services.Achievement.Tests.Shared\Services.Achievement.Tests.Shared.csproj", "{0E27F16C-3773-4159-B695-3EAEB83825A3}"
EndProject
Project("{FAE04EC0-301F-11D3-BF4B-00C04F79EFBC}") = "Services.Achievement.Tests.Unit", "..\Services.Achievement\tests\Services.Achievement.Tests.Unit\Services.Achievement.Tests.Unit.csproj", "{4B3A9FFC-CA56-4184-A802-0904E8ED11E5}"
EndProject
Project("{2150E333-8FDC-42A3-9474-1A3956D46DE8}") = "Services.Operations", "Services.Operations", "{D4845A63-58FC-433F-82EB-8D0B3C9957C8}"
EndProject
Project("{2150E333-8FDC-42A3-9474-1A3956D46DE8}") = "src", "src", "{B2E23D15-F668-4B86-ADCA-044911CE2481}"
EndProject
Project("{FAE04EC0-301F-11D3-BF4B-00C04F79EFBC}") = "Services.Operations.Api", "..\Services.Operations\src\Services.Operations.Api\Services.Operations.Api.csproj", "{3A2C7C5C-2761-4298-88A4-AEDA538992BC}"
EndProject
Project("{2150E333-8FDC-42A3-9474-1A3956D46DE8}") = "Services.Resources", "Services.Resources", "{5D98C580-59BB-4F67-BB52-C7F5F129B5E9}"
EndProject
Project("{2150E333-8FDC-42A3-9474-1A3956D46DE8}") = "src", "src", "{76CBBD88-35BA-403B-92B0-91A6A01355D1}"
EndProject
Project("{2150E333-8FDC-42A3-9474-1A3956D46DE8}") = "tests", "tests", "{914A17C0-7DC1-4E67-B052-336720E1CA2A}"
EndProject
Project("{FAE04EC0-301F-11D3-BF4B-00C04F79EFBC}") = "Services.Resource.Api", "..\Services.Resource\src\Services.Resource.Api\Services.Resource.Api.csproj", "{CA03131A-B1E5-4902-9160-18B96F0864B4}"
EndProject
Project("{FAE04EC0-301F-11D3-BF4B-00C04F79EFBC}") = "Services.Resource.Application", "..\Services.Resource\src\Services.Resource.Application\Services.Resource.Application.csproj", "{39EF177C-AAF0-4B80-B526-79902ADCD902}"
EndProject
Project("{FAE04EC0-301F-11D3-BF4B-00C04F79EFBC}") = "Services.Resource.Core", "..\Services.Resource\src\Services.Resource.Core\Services.Resource.Core.csproj", "{612AF6B9-6EA3-4B72-A767-E3707483F6A5}"
EndProject
Project("{FAE04EC0-301F-11D3-BF4B-00C04F79EFBC}") = "Services.Resource.Infrastructure", "..\Services.Resource\src\Services.Resource.Infrastructure\Services.Resource.Infrastructure.csproj", "{0194101C-643A-4FFE-BB6A-06FCDF7DDA4D}"
EndProject
Project("{FAE04EC0-301F-11D3-BF4B-00C04F79EFBC}") = "Services.Resource.Tests.EndToEnd", "..\Services.Resource\tests\Services.Resource.Tests.EndToEnd\Services.Resource.Tests.EndToEnd.csproj", "{E788BAA2-0B97-4703-B50B-6C3EC93DBD9F}"
EndProject
Project("{FAE04EC0-301F-11D3-BF4B-00C04F79EFBC}") = "Services.Resource.Tests.Integration", "..\Services.Resource\tests\Services.Resource.Tests.Integration\Services.Resource.Tests.Integration.csproj", "{F5A166E2-F0B7-4FA0-9BFE-8E422F08188D}"
EndProject
Project("{FAE04EC0-301F-11D3-BF4B-00C04F79EFBC}") = "Services.Resource.Tests.Performance", "..\Services.Resource\tests\Services.Resource.Tests.Performance\Services.Resource.Tests.Performance.csproj", "{1E651569-D380-420A-81A7-0EFC3DE3BDC5}"
EndProject
Project("{FAE04EC0-301F-11D3-BF4B-00C04F79EFBC}") = "Services.Resource.Tests.Shared", "..\Services.Resource\tests\Services.Resource.Tests.Shared\Services.Resource.Tests.Shared.csproj", "{DFD76CD7-4B78-447A-9978-843B818C8271}"
EndProject
Project("{FAE04EC0-301F-11D3-BF4B-00C04F79EFBC}") = "Services.Resource.Tests.Unit", "..\Services.Resource\tests\Services.Resource.Tests.Unit\Services.Resource.Tests.Unit.csproj", "{A1DDA23D-841C-4451-8BA7-A0777618ABBF}"
EndProject
Global
	GlobalSection(SolutionConfigurationPlatforms) = preSolution
		Debug|Any CPU = Debug|Any CPU
		Release|Any CPU = Release|Any CPU
	EndGlobalSection
	GlobalSection(NestedProjects) = preSolution
		{2CC6BCB7-A4CC-4AC3-95A0-1F206D29912C} = {52CE9480-F365-4C95-96C2-D120A3DFE18C}
		{CD142721-466B-419D-8CA4-B6331A5BE45D} = {2CC6BCB7-A4CC-4AC3-95A0-1F206D29912C}
		{724A6452-4B61-4347-AE69-FFA6913EDDA7} = {8B403D9D-422A-4E43-B805-56380CE82AF6}
		{0F8374FF-9FDA-4C01-B0A9-0E0F38B1BF06} = {8B403D9D-422A-4E43-B805-56380CE82AF6}
		{A3F89711-2653-40F1-B3CC-9A404C85A165} = {724A6452-4B61-4347-AE69-FFA6913EDDA7}
		{ADF08542-95F5-43E8-8AB5-A0DD99DD0240} = {724A6452-4B61-4347-AE69-FFA6913EDDA7}
		{A4160774-1930-4210-B724-9D9922764B8E} = {724A6452-4B61-4347-AE69-FFA6913EDDA7}
		{E45E99D0-F1FA-4E3F-B8CC-FBAA7DE90FB6} = {724A6452-4B61-4347-AE69-FFA6913EDDA7}
		{D8D54CF3-7F0B-4E73-8F22-B58075365FAA} = {0F8374FF-9FDA-4C01-B0A9-0E0F38B1BF06}
		{F2D66117-BD3D-49BB-B81B-E48013950D43} = {0F8374FF-9FDA-4C01-B0A9-0E0F38B1BF06}
		{636D9DD1-CE70-4B69-BB01-78BD3DB929C2} = {0F8374FF-9FDA-4C01-B0A9-0E0F38B1BF06}
		{205273D1-8801-4E94-A5C2-FAB84FE192C7} = {0F8374FF-9FDA-4C01-B0A9-0E0F38B1BF06}
		{F4E1AEBC-CAE1-4CFB-BC21-9B95C6FE0534} = {0F8374FF-9FDA-4C01-B0A9-0E0F38B1BF06}
		{8F536070-DCC3-4503-8C1C-D68008EADD42} = {83E59FC0-0A82-4744-96DA-83F573B2B418}
		{1D8F5FC7-34BB-48AF-AB33-CCB6AF03C0A8} = {83E59FC0-0A82-4744-96DA-83F573B2B418}
		{FC4DF80B-4069-46A8-A8FE-0FEE9B8DD18D} = {8F536070-DCC3-4503-8C1C-D68008EADD42}
		{C090DB79-32FF-4563-BA47-64637445667B} = {8F536070-DCC3-4503-8C1C-D68008EADD42}
		{82D60D49-5AF6-4894-9522-C37A03DD6776} = {8F536070-DCC3-4503-8C1C-D68008EADD42}
		{817EC1B5-9F66-41AA-853C-9A041748DCED} = {8F536070-DCC3-4503-8C1C-D68008EADD42}
		{2185A7A5-04E1-4B9D-B7D2-BC47D10116A1} = {1D8F5FC7-34BB-48AF-AB33-CCB6AF03C0A8}
		{ACF1D215-E916-4AF6-83D9-AE6C40EB0955} = {1D8F5FC7-34BB-48AF-AB33-CCB6AF03C0A8}
		{9F2A117B-9138-489D-BD7B-F4BC4FE2B32D} = {1D8F5FC7-34BB-48AF-AB33-CCB6AF03C0A8}
		{4CEB992F-D140-4F53-91CD-2618E296B878} = {1D8F5FC7-34BB-48AF-AB33-CCB6AF03C0A8}
		{A857723D-535A-4AD6-ADAE-3126544403DF} = {1D8F5FC7-34BB-48AF-AB33-CCB6AF03C0A8}
		{136FB519-B7F3-49BD-B905-1350E3BD1905} = {8787359A-4F80-489F-A943-54F53A5177F8}
		{CF780B13-413A-4034-ADC1-C235FFAD7EAD} = {8787359A-4F80-489F-A943-54F53A5177F8}
		{C0B99DF9-8E5D-44D5-87A8-5A08BA85A52D} = {136FB519-B7F3-49BD-B905-1350E3BD1905}
		{02B3AA3D-60D4-4BC5-94C9-92198DAD209F} = {136FB519-B7F3-49BD-B905-1350E3BD1905}
		{D3BC1976-BE11-4CF5-B9D5-4127B32028C4} = {136FB519-B7F3-49BD-B905-1350E3BD1905}
		{95F712D5-C5EC-40F3-B803-EC0023B71CAA} = {136FB519-B7F3-49BD-B905-1350E3BD1905}
		{50C81CE1-57C4-45F9-BFA0-BB412C86AE3D} = {CF780B13-413A-4034-ADC1-C235FFAD7EAD}
		{439F02CB-0610-4572-9C7E-C8B46452127B} = {CF780B13-413A-4034-ADC1-C235FFAD7EAD}
		{4052B4CD-19A2-4488-BB88-2EC043A2F105} = {CF780B13-413A-4034-ADC1-C235FFAD7EAD}
		{A939603E-5448-4361-A81D-15C0D34A5DC8} = {CF780B13-413A-4034-ADC1-C235FFAD7EAD}
		{40D64B75-9A34-480C-9999-6A21561DBC49} = {CF780B13-413A-4034-ADC1-C235FFAD7EAD}
		{18DD9370-32B3-44FB-927F-FB24B2C9E371} = {F6C406FE-4EFA-4530-B3AF-C7904D12BFCA}
		{CFFFB5F5-8F1A-4B47-9E09-CC742F58CA01} = {F6C406FE-4EFA-4530-B3AF-C7904D12BFCA}
		{DCA91358-FCDE-4903-A7ED-8EB98920AE15} = {18DD9370-32B3-44FB-927F-FB24B2C9E371}
		{5E11F52F-B6CE-4235-8C73-8522A2A1B6AC} = {18DD9370-32B3-44FB-927F-FB24B2C9E371}
		{E70ADDA0-1B7A-41E8-BEE7-1F2B39775255} = {18DD9370-32B3-44FB-927F-FB24B2C9E371}
		{F00CFB5F-48B8-459D-AF92-E0E734F9A83E} = {18DD9370-32B3-44FB-927F-FB24B2C9E371}
		{1AE8BCF6-A206-47F2-B70B-7197CA30EB4A} = {CFFFB5F5-8F1A-4B47-9E09-CC742F58CA01}
		{091E5EB1-BC35-426D-9EE8-03F66020375D} = {CFFFB5F5-8F1A-4B47-9E09-CC742F58CA01}
		{D222FB3A-89A3-4E0C-9CF6-B3271333CCC7} = {CFFFB5F5-8F1A-4B47-9E09-CC742F58CA01}
		{400FE469-E38B-4470-916D-13B0855C245F} = {CFFFB5F5-8F1A-4B47-9E09-CC742F58CA01}
		{784CBA17-9046-4E7A-B1FC-D78698F0FDA6} = {CFFFB5F5-8F1A-4B47-9E09-CC742F58CA01}
		{2C743279-1BFF-462D-96A9-83D296A9337A} = {A3EB2E2A-D5E1-4873-B5E9-A0F23D28EFC0}
		{158C518D-3243-42D3-AF3F-C27144109D29} = {A3EB2E2A-D5E1-4873-B5E9-A0F23D28EFC0}
		{7C9D0F87-B1E2-4816-92FC-43EE19B2A1C2} = {2C743279-1BFF-462D-96A9-83D296A9337A}
		{1AFFE0DD-914B-46CB-9E23-270AE0028A16} = {2C743279-1BFF-462D-96A9-83D296A9337A}
		{370147AB-7A6A-436A-83E1-860D26E70626} = {2C743279-1BFF-462D-96A9-83D296A9337A}
		{41DFFCDE-43A2-4C1B-8493-9B842AC30997} = {2C743279-1BFF-462D-96A9-83D296A9337A}
		{ABC39B99-EF27-470D-9BC2-1F629B135567} = {158C518D-3243-42D3-AF3F-C27144109D29}
		{38F49077-D279-43AF-A7D4-FE815CB209E3} = {158C518D-3243-42D3-AF3F-C27144109D29}
		{5A148A54-DDD8-494E-9B7C-EBB6A52E5956} = {158C518D-3243-42D3-AF3F-C27144109D29}
		{C3FFFDF1-16B9-4ABA-896E-7C28630DA0C3} = {158C518D-3243-42D3-AF3F-C27144109D29}
		{65F539F0-A9F6-4780-B8E1-116D8641ED8A} = {158C518D-3243-42D3-AF3F-C27144109D29}
		{01358AE6-C1E6-4856-B52F-3DF0766D35F0} = {55ECB5A8-A6DD-42D5-8F81-C41B0B7050E3}
		{DB9224E6-6082-4CC4-B1A7-34A45FFBCF70} = {55ECB5A8-A6DD-42D5-8F81-C41B0B7050E3}
		{97E1A9C5-F7D8-4D65-8E88-81E9B8A57EEB} = {01358AE6-C1E6-4856-B52F-3DF0766D35F0}
		{B2586076-0096-4EB1-9973-F0540D1B6E24} = {01358AE6-C1E6-4856-B52F-3DF0766D35F0}
		{FF17EB34-711A-4236-B2FF-AB875E150805} = {01358AE6-C1E6-4856-B52F-3DF0766D35F0}
		{AA876413-4156-47AA-A4B4-1DA7E79CCE1F} = {01358AE6-C1E6-4856-B52F-3DF0766D35F0}
		{396F4D65-95ED-4ED8-A98F-947A9A38B3F9} = {DB9224E6-6082-4CC4-B1A7-34A45FFBCF70}
		{9CDBA2F1-E548-45D6-9B9A-5742EE15F1B8} = {DB9224E6-6082-4CC4-B1A7-34A45FFBCF70}
		{C7404450-C4E5-49D3-826A-6E6D49EE3F42} = {DB9224E6-6082-4CC4-B1A7-34A45FFBCF70}
		{A850B625-6E83-49B3-937C-087156FA1BAF} = {DB9224E6-6082-4CC4-B1A7-34A45FFBCF70}
		{A31CEE6C-E749-4F8B-AEAD-BBD2A8AAC4AA} = {DB9224E6-6082-4CC4-B1A7-34A45FFBCF70}
		{96FDCB09-7BE9-4234-A65F-CBEA0E13F0E8} = {A12EA7E4-B336-441B-B72B-2EEE9124780C}
		{77ED7B3A-0B56-4B41-B5DA-14A0CF1D3589} = {A12EA7E4-B336-441B-B72B-2EEE9124780C}
		{6C66DF72-BA47-4F48-A89E-2C4919A0D8CF} = {96FDCB09-7BE9-4234-A65F-CBEA0E13F0E8}
		{25A1292D-562C-4E93-8AA0-7627595546D3} = {96FDCB09-7BE9-4234-A65F-CBEA0E13F0E8}
		{8342D30C-FBE4-4FF8-B985-E4E45B956A87} = {96FDCB09-7BE9-4234-A65F-CBEA0E13F0E8}
		{E8AC5069-554E-4BEC-9AD6-E3D1144A839E} = {96FDCB09-7BE9-4234-A65F-CBEA0E13F0E8}
		{6109EDDD-6973-4DEB-9794-C040629B9020} = {77ED7B3A-0B56-4B41-B5DA-14A0CF1D3589}
		{685C044E-4E71-448E-B36D-B7817C434AC6} = {77ED7B3A-0B56-4B41-B5DA-14A0CF1D3589}
		{98D98D62-C409-4681-BFA4-4077D60ACDE4} = {77ED7B3A-0B56-4B41-B5DA-14A0CF1D3589}
		{0E27F16C-3773-4159-B695-3EAEB83825A3} = {77ED7B3A-0B56-4B41-B5DA-14A0CF1D3589}
		{4B3A9FFC-CA56-4184-A802-0904E8ED11E5} = {77ED7B3A-0B56-4B41-B5DA-14A0CF1D3589}
		{B2E23D15-F668-4B86-ADCA-044911CE2481} = {D4845A63-58FC-433F-82EB-8D0B3C9957C8}
		{3A2C7C5C-2761-4298-88A4-AEDA538992BC} = {B2E23D15-F668-4B86-ADCA-044911CE2481}
		{76CBBD88-35BA-403B-92B0-91A6A01355D1} = {5D98C580-59BB-4F67-BB52-C7F5F129B5E9}
		{914A17C0-7DC1-4E67-B052-336720E1CA2A} = {5D98C580-59BB-4F67-BB52-C7F5F129B5E9}
		{CA03131A-B1E5-4902-9160-18B96F0864B4} = {76CBBD88-35BA-403B-92B0-91A6A01355D1}
		{39EF177C-AAF0-4B80-B526-79902ADCD902} = {76CBBD88-35BA-403B-92B0-91A6A01355D1}
		{612AF6B9-6EA3-4B72-A767-E3707483F6A5} = {76CBBD88-35BA-403B-92B0-91A6A01355D1}
		{0194101C-643A-4FFE-BB6A-06FCDF7DDA4D} = {76CBBD88-35BA-403B-92B0-91A6A01355D1}
		{E788BAA2-0B97-4703-B50B-6C3EC93DBD9F} = {914A17C0-7DC1-4E67-B052-336720E1CA2A}
		{F5A166E2-F0B7-4FA0-9BFE-8E422F08188D} = {914A17C0-7DC1-4E67-B052-336720E1CA2A}
		{1E651569-D380-420A-81A7-0EFC3DE3BDC5} = {914A17C0-7DC1-4E67-B052-336720E1CA2A}
		{DFD76CD7-4B78-447A-9978-843B818C8271} = {914A17C0-7DC1-4E67-B052-336720E1CA2A}
		{A1DDA23D-841C-4451-8BA7-A0777618ABBF} = {914A17C0-7DC1-4E67-B052-336720E1CA2A}
	EndGlobalSection
	GlobalSection(ProjectConfigurationPlatforms) = postSolution
		{CD142721-466B-419D-8CA4-B6331A5BE45D}.Debug|Any CPU.ActiveCfg = Debug|Any CPU
		{CD142721-466B-419D-8CA4-B6331A5BE45D}.Debug|Any CPU.Build.0 = Debug|Any CPU
		{CD142721-466B-419D-8CA4-B6331A5BE45D}.Release|Any CPU.ActiveCfg = Release|Any CPU
		{CD142721-466B-419D-8CA4-B6331A5BE45D}.Release|Any CPU.Build.0 = Release|Any CPU
		{A3F89711-2653-40F1-B3CC-9A404C85A165}.Debug|Any CPU.ActiveCfg = Debug|Any CPU
		{A3F89711-2653-40F1-B3CC-9A404C85A165}.Debug|Any CPU.Build.0 = Debug|Any CPU
		{A3F89711-2653-40F1-B3CC-9A404C85A165}.Release|Any CPU.ActiveCfg = Release|Any CPU
		{A3F89711-2653-40F1-B3CC-9A404C85A165}.Release|Any CPU.Build.0 = Release|Any CPU
		{ADF08542-95F5-43E8-8AB5-A0DD99DD0240}.Debug|Any CPU.ActiveCfg = Debug|Any CPU
		{ADF08542-95F5-43E8-8AB5-A0DD99DD0240}.Debug|Any CPU.Build.0 = Debug|Any CPU
		{ADF08542-95F5-43E8-8AB5-A0DD99DD0240}.Release|Any CPU.ActiveCfg = Release|Any CPU
		{ADF08542-95F5-43E8-8AB5-A0DD99DD0240}.Release|Any CPU.Build.0 = Release|Any CPU
		{A4160774-1930-4210-B724-9D9922764B8E}.Debug|Any CPU.ActiveCfg = Debug|Any CPU
		{A4160774-1930-4210-B724-9D9922764B8E}.Debug|Any CPU.Build.0 = Debug|Any CPU
		{A4160774-1930-4210-B724-9D9922764B8E}.Release|Any CPU.ActiveCfg = Release|Any CPU
		{A4160774-1930-4210-B724-9D9922764B8E}.Release|Any CPU.Build.0 = Release|Any CPU
		{E45E99D0-F1FA-4E3F-B8CC-FBAA7DE90FB6}.Debug|Any CPU.ActiveCfg = Debug|Any CPU
		{E45E99D0-F1FA-4E3F-B8CC-FBAA7DE90FB6}.Debug|Any CPU.Build.0 = Debug|Any CPU
		{E45E99D0-F1FA-4E3F-B8CC-FBAA7DE90FB6}.Release|Any CPU.ActiveCfg = Release|Any CPU
		{E45E99D0-F1FA-4E3F-B8CC-FBAA7DE90FB6}.Release|Any CPU.Build.0 = Release|Any CPU
		{D8D54CF3-7F0B-4E73-8F22-B58075365FAA}.Debug|Any CPU.ActiveCfg = Debug|Any CPU
		{D8D54CF3-7F0B-4E73-8F22-B58075365FAA}.Debug|Any CPU.Build.0 = Debug|Any CPU
		{D8D54CF3-7F0B-4E73-8F22-B58075365FAA}.Release|Any CPU.ActiveCfg = Release|Any CPU
		{D8D54CF3-7F0B-4E73-8F22-B58075365FAA}.Release|Any CPU.Build.0 = Release|Any CPU
		{F2D66117-BD3D-49BB-B81B-E48013950D43}.Debug|Any CPU.ActiveCfg = Debug|Any CPU
		{F2D66117-BD3D-49BB-B81B-E48013950D43}.Debug|Any CPU.Build.0 = Debug|Any CPU
		{F2D66117-BD3D-49BB-B81B-E48013950D43}.Release|Any CPU.ActiveCfg = Release|Any CPU
		{F2D66117-BD3D-49BB-B81B-E48013950D43}.Release|Any CPU.Build.0 = Release|Any CPU
		{636D9DD1-CE70-4B69-BB01-78BD3DB929C2}.Debug|Any CPU.ActiveCfg = Debug|Any CPU
		{636D9DD1-CE70-4B69-BB01-78BD3DB929C2}.Debug|Any CPU.Build.0 = Debug|Any CPU
		{636D9DD1-CE70-4B69-BB01-78BD3DB929C2}.Release|Any CPU.ActiveCfg = Release|Any CPU
		{636D9DD1-CE70-4B69-BB01-78BD3DB929C2}.Release|Any CPU.Build.0 = Release|Any CPU
		{205273D1-8801-4E94-A5C2-FAB84FE192C7}.Debug|Any CPU.ActiveCfg = Debug|Any CPU
		{205273D1-8801-4E94-A5C2-FAB84FE192C7}.Debug|Any CPU.Build.0 = Debug|Any CPU
		{205273D1-8801-4E94-A5C2-FAB84FE192C7}.Release|Any CPU.ActiveCfg = Release|Any CPU
		{205273D1-8801-4E94-A5C2-FAB84FE192C7}.Release|Any CPU.Build.0 = Release|Any CPU
		{F4E1AEBC-CAE1-4CFB-BC21-9B95C6FE0534}.Debug|Any CPU.ActiveCfg = Debug|Any CPU
		{F4E1AEBC-CAE1-4CFB-BC21-9B95C6FE0534}.Debug|Any CPU.Build.0 = Debug|Any CPU
		{F4E1AEBC-CAE1-4CFB-BC21-9B95C6FE0534}.Release|Any CPU.ActiveCfg = Release|Any CPU
		{F4E1AEBC-CAE1-4CFB-BC21-9B95C6FE0534}.Release|Any CPU.Build.0 = Release|Any CPU
		{FC4DF80B-4069-46A8-A8FE-0FEE9B8DD18D}.Debug|Any CPU.ActiveCfg = Debug|Any CPU
		{FC4DF80B-4069-46A8-A8FE-0FEE9B8DD18D}.Debug|Any CPU.Build.0 = Debug|Any CPU
		{FC4DF80B-4069-46A8-A8FE-0FEE9B8DD18D}.Release|Any CPU.ActiveCfg = Release|Any CPU
		{FC4DF80B-4069-46A8-A8FE-0FEE9B8DD18D}.Release|Any CPU.Build.0 = Release|Any CPU
		{C090DB79-32FF-4563-BA47-64637445667B}.Debug|Any CPU.ActiveCfg = Debug|Any CPU
		{C090DB79-32FF-4563-BA47-64637445667B}.Debug|Any CPU.Build.0 = Debug|Any CPU
		{C090DB79-32FF-4563-BA47-64637445667B}.Release|Any CPU.ActiveCfg = Release|Any CPU
		{C090DB79-32FF-4563-BA47-64637445667B}.Release|Any CPU.Build.0 = Release|Any CPU
		{82D60D49-5AF6-4894-9522-C37A03DD6776}.Debug|Any CPU.ActiveCfg = Debug|Any CPU
		{82D60D49-5AF6-4894-9522-C37A03DD6776}.Debug|Any CPU.Build.0 = Debug|Any CPU
		{82D60D49-5AF6-4894-9522-C37A03DD6776}.Release|Any CPU.ActiveCfg = Release|Any CPU
		{82D60D49-5AF6-4894-9522-C37A03DD6776}.Release|Any CPU.Build.0 = Release|Any CPU
		{817EC1B5-9F66-41AA-853C-9A041748DCED}.Debug|Any CPU.ActiveCfg = Debug|Any CPU
		{817EC1B5-9F66-41AA-853C-9A041748DCED}.Debug|Any CPU.Build.0 = Debug|Any CPU
		{817EC1B5-9F66-41AA-853C-9A041748DCED}.Release|Any CPU.ActiveCfg = Release|Any CPU
		{817EC1B5-9F66-41AA-853C-9A041748DCED}.Release|Any CPU.Build.0 = Release|Any CPU
		{2185A7A5-04E1-4B9D-B7D2-BC47D10116A1}.Debug|Any CPU.ActiveCfg = Debug|Any CPU
		{2185A7A5-04E1-4B9D-B7D2-BC47D10116A1}.Debug|Any CPU.Build.0 = Debug|Any CPU
		{2185A7A5-04E1-4B9D-B7D2-BC47D10116A1}.Release|Any CPU.ActiveCfg = Release|Any CPU
		{2185A7A5-04E1-4B9D-B7D2-BC47D10116A1}.Release|Any CPU.Build.0 = Release|Any CPU
		{ACF1D215-E916-4AF6-83D9-AE6C40EB0955}.Debug|Any CPU.ActiveCfg = Debug|Any CPU
		{ACF1D215-E916-4AF6-83D9-AE6C40EB0955}.Debug|Any CPU.Build.0 = Debug|Any CPU
		{ACF1D215-E916-4AF6-83D9-AE6C40EB0955}.Release|Any CPU.ActiveCfg = Release|Any CPU
		{ACF1D215-E916-4AF6-83D9-AE6C40EB0955}.Release|Any CPU.Build.0 = Release|Any CPU
		{9F2A117B-9138-489D-BD7B-F4BC4FE2B32D}.Debug|Any CPU.ActiveCfg = Debug|Any CPU
		{9F2A117B-9138-489D-BD7B-F4BC4FE2B32D}.Debug|Any CPU.Build.0 = Debug|Any CPU
		{9F2A117B-9138-489D-BD7B-F4BC4FE2B32D}.Release|Any CPU.ActiveCfg = Release|Any CPU
		{9F2A117B-9138-489D-BD7B-F4BC4FE2B32D}.Release|Any CPU.Build.0 = Release|Any CPU
		{4CEB992F-D140-4F53-91CD-2618E296B878}.Debug|Any CPU.ActiveCfg = Debug|Any CPU
		{4CEB992F-D140-4F53-91CD-2618E296B878}.Debug|Any CPU.Build.0 = Debug|Any CPU
		{4CEB992F-D140-4F53-91CD-2618E296B878}.Release|Any CPU.ActiveCfg = Release|Any CPU
		{4CEB992F-D140-4F53-91CD-2618E296B878}.Release|Any CPU.Build.0 = Release|Any CPU
		{A857723D-535A-4AD6-ADAE-3126544403DF}.Debug|Any CPU.ActiveCfg = Debug|Any CPU
		{A857723D-535A-4AD6-ADAE-3126544403DF}.Debug|Any CPU.Build.0 = Debug|Any CPU
		{A857723D-535A-4AD6-ADAE-3126544403DF}.Release|Any CPU.ActiveCfg = Release|Any CPU
		{A857723D-535A-4AD6-ADAE-3126544403DF}.Release|Any CPU.Build.0 = Release|Any CPU
		{C0B99DF9-8E5D-44D5-87A8-5A08BA85A52D}.Debug|Any CPU.ActiveCfg = Debug|Any CPU
		{C0B99DF9-8E5D-44D5-87A8-5A08BA85A52D}.Debug|Any CPU.Build.0 = Debug|Any CPU
		{C0B99DF9-8E5D-44D5-87A8-5A08BA85A52D}.Release|Any CPU.ActiveCfg = Release|Any CPU
		{C0B99DF9-8E5D-44D5-87A8-5A08BA85A52D}.Release|Any CPU.Build.0 = Release|Any CPU
		{02B3AA3D-60D4-4BC5-94C9-92198DAD209F}.Debug|Any CPU.ActiveCfg = Debug|Any CPU
		{02B3AA3D-60D4-4BC5-94C9-92198DAD209F}.Debug|Any CPU.Build.0 = Debug|Any CPU
		{02B3AA3D-60D4-4BC5-94C9-92198DAD209F}.Release|Any CPU.ActiveCfg = Release|Any CPU
		{02B3AA3D-60D4-4BC5-94C9-92198DAD209F}.Release|Any CPU.Build.0 = Release|Any CPU
		{D3BC1976-BE11-4CF5-B9D5-4127B32028C4}.Debug|Any CPU.ActiveCfg = Debug|Any CPU
		{D3BC1976-BE11-4CF5-B9D5-4127B32028C4}.Debug|Any CPU.Build.0 = Debug|Any CPU
		{D3BC1976-BE11-4CF5-B9D5-4127B32028C4}.Release|Any CPU.ActiveCfg = Release|Any CPU
		{D3BC1976-BE11-4CF5-B9D5-4127B32028C4}.Release|Any CPU.Build.0 = Release|Any CPU
		{95F712D5-C5EC-40F3-B803-EC0023B71CAA}.Debug|Any CPU.ActiveCfg = Debug|Any CPU
		{95F712D5-C5EC-40F3-B803-EC0023B71CAA}.Debug|Any CPU.Build.0 = Debug|Any CPU
		{95F712D5-C5EC-40F3-B803-EC0023B71CAA}.Release|Any CPU.ActiveCfg = Release|Any CPU
		{95F712D5-C5EC-40F3-B803-EC0023B71CAA}.Release|Any CPU.Build.0 = Release|Any CPU
		{50C81CE1-57C4-45F9-BFA0-BB412C86AE3D}.Debug|Any CPU.ActiveCfg = Debug|Any CPU
		{50C81CE1-57C4-45F9-BFA0-BB412C86AE3D}.Debug|Any CPU.Build.0 = Debug|Any CPU
		{50C81CE1-57C4-45F9-BFA0-BB412C86AE3D}.Release|Any CPU.ActiveCfg = Release|Any CPU
		{50C81CE1-57C4-45F9-BFA0-BB412C86AE3D}.Release|Any CPU.Build.0 = Release|Any CPU
		{439F02CB-0610-4572-9C7E-C8B46452127B}.Debug|Any CPU.ActiveCfg = Debug|Any CPU
		{439F02CB-0610-4572-9C7E-C8B46452127B}.Debug|Any CPU.Build.0 = Debug|Any CPU
		{439F02CB-0610-4572-9C7E-C8B46452127B}.Release|Any CPU.ActiveCfg = Release|Any CPU
		{439F02CB-0610-4572-9C7E-C8B46452127B}.Release|Any CPU.Build.0 = Release|Any CPU
		{4052B4CD-19A2-4488-BB88-2EC043A2F105}.Debug|Any CPU.ActiveCfg = Debug|Any CPU
		{4052B4CD-19A2-4488-BB88-2EC043A2F105}.Debug|Any CPU.Build.0 = Debug|Any CPU
		{4052B4CD-19A2-4488-BB88-2EC043A2F105}.Release|Any CPU.ActiveCfg = Release|Any CPU
		{4052B4CD-19A2-4488-BB88-2EC043A2F105}.Release|Any CPU.Build.0 = Release|Any CPU
		{A939603E-5448-4361-A81D-15C0D34A5DC8}.Debug|Any CPU.ActiveCfg = Debug|Any CPU
		{A939603E-5448-4361-A81D-15C0D34A5DC8}.Debug|Any CPU.Build.0 = Debug|Any CPU
		{A939603E-5448-4361-A81D-15C0D34A5DC8}.Release|Any CPU.ActiveCfg = Release|Any CPU
		{A939603E-5448-4361-A81D-15C0D34A5DC8}.Release|Any CPU.Build.0 = Release|Any CPU
		{40D64B75-9A34-480C-9999-6A21561DBC49}.Debug|Any CPU.ActiveCfg = Debug|Any CPU
		{40D64B75-9A34-480C-9999-6A21561DBC49}.Debug|Any CPU.Build.0 = Debug|Any CPU
		{40D64B75-9A34-480C-9999-6A21561DBC49}.Release|Any CPU.ActiveCfg = Release|Any CPU
		{40D64B75-9A34-480C-9999-6A21561DBC49}.Release|Any CPU.Build.0 = Release|Any CPU
		{DCA91358-FCDE-4903-A7ED-8EB98920AE15}.Debug|Any CPU.ActiveCfg = Debug|Any CPU
		{DCA91358-FCDE-4903-A7ED-8EB98920AE15}.Debug|Any CPU.Build.0 = Debug|Any CPU
		{DCA91358-FCDE-4903-A7ED-8EB98920AE15}.Release|Any CPU.ActiveCfg = Release|Any CPU
		{DCA91358-FCDE-4903-A7ED-8EB98920AE15}.Release|Any CPU.Build.0 = Release|Any CPU
		{5E11F52F-B6CE-4235-8C73-8522A2A1B6AC}.Debug|Any CPU.ActiveCfg = Debug|Any CPU
		{5E11F52F-B6CE-4235-8C73-8522A2A1B6AC}.Debug|Any CPU.Build.0 = Debug|Any CPU
		{5E11F52F-B6CE-4235-8C73-8522A2A1B6AC}.Release|Any CPU.ActiveCfg = Release|Any CPU
		{5E11F52F-B6CE-4235-8C73-8522A2A1B6AC}.Release|Any CPU.Build.0 = Release|Any CPU
		{E70ADDA0-1B7A-41E8-BEE7-1F2B39775255}.Debug|Any CPU.ActiveCfg = Debug|Any CPU
		{E70ADDA0-1B7A-41E8-BEE7-1F2B39775255}.Debug|Any CPU.Build.0 = Debug|Any CPU
		{E70ADDA0-1B7A-41E8-BEE7-1F2B39775255}.Release|Any CPU.ActiveCfg = Release|Any CPU
		{E70ADDA0-1B7A-41E8-BEE7-1F2B39775255}.Release|Any CPU.Build.0 = Release|Any CPU
		{F00CFB5F-48B8-459D-AF92-E0E734F9A83E}.Debug|Any CPU.ActiveCfg = Debug|Any CPU
		{F00CFB5F-48B8-459D-AF92-E0E734F9A83E}.Debug|Any CPU.Build.0 = Debug|Any CPU
		{F00CFB5F-48B8-459D-AF92-E0E734F9A83E}.Release|Any CPU.ActiveCfg = Release|Any CPU
		{F00CFB5F-48B8-459D-AF92-E0E734F9A83E}.Release|Any CPU.Build.0 = Release|Any CPU
		{1AE8BCF6-A206-47F2-B70B-7197CA30EB4A}.Debug|Any CPU.ActiveCfg = Debug|Any CPU
		{1AE8BCF6-A206-47F2-B70B-7197CA30EB4A}.Debug|Any CPU.Build.0 = Debug|Any CPU
		{1AE8BCF6-A206-47F2-B70B-7197CA30EB4A}.Release|Any CPU.ActiveCfg = Release|Any CPU
		{1AE8BCF6-A206-47F2-B70B-7197CA30EB4A}.Release|Any CPU.Build.0 = Release|Any CPU
		{091E5EB1-BC35-426D-9EE8-03F66020375D}.Debug|Any CPU.ActiveCfg = Debug|Any CPU
		{091E5EB1-BC35-426D-9EE8-03F66020375D}.Debug|Any CPU.Build.0 = Debug|Any CPU
		{091E5EB1-BC35-426D-9EE8-03F66020375D}.Release|Any CPU.ActiveCfg = Release|Any CPU
		{091E5EB1-BC35-426D-9EE8-03F66020375D}.Release|Any CPU.Build.0 = Release|Any CPU
		{D222FB3A-89A3-4E0C-9CF6-B3271333CCC7}.Debug|Any CPU.ActiveCfg = Debug|Any CPU
		{D222FB3A-89A3-4E0C-9CF6-B3271333CCC7}.Debug|Any CPU.Build.0 = Debug|Any CPU
		{D222FB3A-89A3-4E0C-9CF6-B3271333CCC7}.Release|Any CPU.ActiveCfg = Release|Any CPU
		{D222FB3A-89A3-4E0C-9CF6-B3271333CCC7}.Release|Any CPU.Build.0 = Release|Any CPU
		{400FE469-E38B-4470-916D-13B0855C245F}.Debug|Any CPU.ActiveCfg = Debug|Any CPU
		{400FE469-E38B-4470-916D-13B0855C245F}.Debug|Any CPU.Build.0 = Debug|Any CPU
		{400FE469-E38B-4470-916D-13B0855C245F}.Release|Any CPU.ActiveCfg = Release|Any CPU
		{400FE469-E38B-4470-916D-13B0855C245F}.Release|Any CPU.Build.0 = Release|Any CPU
		{784CBA17-9046-4E7A-B1FC-D78698F0FDA6}.Debug|Any CPU.ActiveCfg = Debug|Any CPU
		{784CBA17-9046-4E7A-B1FC-D78698F0FDA6}.Debug|Any CPU.Build.0 = Debug|Any CPU
		{784CBA17-9046-4E7A-B1FC-D78698F0FDA6}.Release|Any CPU.ActiveCfg = Release|Any CPU
		{784CBA17-9046-4E7A-B1FC-D78698F0FDA6}.Release|Any CPU.Build.0 = Release|Any CPU
		{7C9D0F87-B1E2-4816-92FC-43EE19B2A1C2}.Debug|Any CPU.ActiveCfg = Debug|Any CPU
		{7C9D0F87-B1E2-4816-92FC-43EE19B2A1C2}.Debug|Any CPU.Build.0 = Debug|Any CPU
		{7C9D0F87-B1E2-4816-92FC-43EE19B2A1C2}.Release|Any CPU.ActiveCfg = Release|Any CPU
		{7C9D0F87-B1E2-4816-92FC-43EE19B2A1C2}.Release|Any CPU.Build.0 = Release|Any CPU
		{1AFFE0DD-914B-46CB-9E23-270AE0028A16}.Debug|Any CPU.ActiveCfg = Debug|Any CPU
		{1AFFE0DD-914B-46CB-9E23-270AE0028A16}.Debug|Any CPU.Build.0 = Debug|Any CPU
		{1AFFE0DD-914B-46CB-9E23-270AE0028A16}.Release|Any CPU.ActiveCfg = Release|Any CPU
		{1AFFE0DD-914B-46CB-9E23-270AE0028A16}.Release|Any CPU.Build.0 = Release|Any CPU
		{370147AB-7A6A-436A-83E1-860D26E70626}.Debug|Any CPU.ActiveCfg = Debug|Any CPU
		{370147AB-7A6A-436A-83E1-860D26E70626}.Debug|Any CPU.Build.0 = Debug|Any CPU
		{370147AB-7A6A-436A-83E1-860D26E70626}.Release|Any CPU.ActiveCfg = Release|Any CPU
		{370147AB-7A6A-436A-83E1-860D26E70626}.Release|Any CPU.Build.0 = Release|Any CPU
		{41DFFCDE-43A2-4C1B-8493-9B842AC30997}.Debug|Any CPU.ActiveCfg = Debug|Any CPU
		{41DFFCDE-43A2-4C1B-8493-9B842AC30997}.Debug|Any CPU.Build.0 = Debug|Any CPU
		{41DFFCDE-43A2-4C1B-8493-9B842AC30997}.Release|Any CPU.ActiveCfg = Release|Any CPU
		{41DFFCDE-43A2-4C1B-8493-9B842AC30997}.Release|Any CPU.Build.0 = Release|Any CPU
		{ABC39B99-EF27-470D-9BC2-1F629B135567}.Debug|Any CPU.ActiveCfg = Debug|Any CPU
		{ABC39B99-EF27-470D-9BC2-1F629B135567}.Debug|Any CPU.Build.0 = Debug|Any CPU
		{ABC39B99-EF27-470D-9BC2-1F629B135567}.Release|Any CPU.ActiveCfg = Release|Any CPU
		{ABC39B99-EF27-470D-9BC2-1F629B135567}.Release|Any CPU.Build.0 = Release|Any CPU
		{38F49077-D279-43AF-A7D4-FE815CB209E3}.Debug|Any CPU.ActiveCfg = Debug|Any CPU
		{38F49077-D279-43AF-A7D4-FE815CB209E3}.Debug|Any CPU.Build.0 = Debug|Any CPU
		{38F49077-D279-43AF-A7D4-FE815CB209E3}.Release|Any CPU.ActiveCfg = Release|Any CPU
		{38F49077-D279-43AF-A7D4-FE815CB209E3}.Release|Any CPU.Build.0 = Release|Any CPU
		{5A148A54-DDD8-494E-9B7C-EBB6A52E5956}.Debug|Any CPU.ActiveCfg = Debug|Any CPU
		{5A148A54-DDD8-494E-9B7C-EBB6A52E5956}.Debug|Any CPU.Build.0 = Debug|Any CPU
		{5A148A54-DDD8-494E-9B7C-EBB6A52E5956}.Release|Any CPU.ActiveCfg = Release|Any CPU
		{5A148A54-DDD8-494E-9B7C-EBB6A52E5956}.Release|Any CPU.Build.0 = Release|Any CPU
		{C3FFFDF1-16B9-4ABA-896E-7C28630DA0C3}.Debug|Any CPU.ActiveCfg = Debug|Any CPU
		{C3FFFDF1-16B9-4ABA-896E-7C28630DA0C3}.Debug|Any CPU.Build.0 = Debug|Any CPU
		{C3FFFDF1-16B9-4ABA-896E-7C28630DA0C3}.Release|Any CPU.ActiveCfg = Release|Any CPU
		{C3FFFDF1-16B9-4ABA-896E-7C28630DA0C3}.Release|Any CPU.Build.0 = Release|Any CPU
		{65F539F0-A9F6-4780-B8E1-116D8641ED8A}.Debug|Any CPU.ActiveCfg = Debug|Any CPU
		{65F539F0-A9F6-4780-B8E1-116D8641ED8A}.Debug|Any CPU.Build.0 = Debug|Any CPU
		{65F539F0-A9F6-4780-B8E1-116D8641ED8A}.Release|Any CPU.ActiveCfg = Release|Any CPU
		{65F539F0-A9F6-4780-B8E1-116D8641ED8A}.Release|Any CPU.Build.0 = Release|Any CPU
		{97E1A9C5-F7D8-4D65-8E88-81E9B8A57EEB}.Debug|Any CPU.ActiveCfg = Debug|Any CPU
		{97E1A9C5-F7D8-4D65-8E88-81E9B8A57EEB}.Debug|Any CPU.Build.0 = Debug|Any CPU
		{97E1A9C5-F7D8-4D65-8E88-81E9B8A57EEB}.Release|Any CPU.ActiveCfg = Release|Any CPU
		{97E1A9C5-F7D8-4D65-8E88-81E9B8A57EEB}.Release|Any CPU.Build.0 = Release|Any CPU
		{B2586076-0096-4EB1-9973-F0540D1B6E24}.Debug|Any CPU.ActiveCfg = Debug|Any CPU
		{B2586076-0096-4EB1-9973-F0540D1B6E24}.Debug|Any CPU.Build.0 = Debug|Any CPU
		{B2586076-0096-4EB1-9973-F0540D1B6E24}.Release|Any CPU.ActiveCfg = Release|Any CPU
		{B2586076-0096-4EB1-9973-F0540D1B6E24}.Release|Any CPU.Build.0 = Release|Any CPU
		{FF17EB34-711A-4236-B2FF-AB875E150805}.Debug|Any CPU.ActiveCfg = Debug|Any CPU
		{FF17EB34-711A-4236-B2FF-AB875E150805}.Debug|Any CPU.Build.0 = Debug|Any CPU
		{FF17EB34-711A-4236-B2FF-AB875E150805}.Release|Any CPU.ActiveCfg = Release|Any CPU
		{FF17EB34-711A-4236-B2FF-AB875E150805}.Release|Any CPU.Build.0 = Release|Any CPU
		{AA876413-4156-47AA-A4B4-1DA7E79CCE1F}.Debug|Any CPU.ActiveCfg = Debug|Any CPU
		{AA876413-4156-47AA-A4B4-1DA7E79CCE1F}.Debug|Any CPU.Build.0 = Debug|Any CPU
		{AA876413-4156-47AA-A4B4-1DA7E79CCE1F}.Release|Any CPU.ActiveCfg = Release|Any CPU
		{AA876413-4156-47AA-A4B4-1DA7E79CCE1F}.Release|Any CPU.Build.0 = Release|Any CPU
		{396F4D65-95ED-4ED8-A98F-947A9A38B3F9}.Debug|Any CPU.ActiveCfg = Debug|Any CPU
		{396F4D65-95ED-4ED8-A98F-947A9A38B3F9}.Debug|Any CPU.Build.0 = Debug|Any CPU
		{396F4D65-95ED-4ED8-A98F-947A9A38B3F9}.Release|Any CPU.ActiveCfg = Release|Any CPU
		{396F4D65-95ED-4ED8-A98F-947A9A38B3F9}.Release|Any CPU.Build.0 = Release|Any CPU
		{9CDBA2F1-E548-45D6-9B9A-5742EE15F1B8}.Debug|Any CPU.ActiveCfg = Debug|Any CPU
		{9CDBA2F1-E548-45D6-9B9A-5742EE15F1B8}.Debug|Any CPU.Build.0 = Debug|Any CPU
		{9CDBA2F1-E548-45D6-9B9A-5742EE15F1B8}.Release|Any CPU.ActiveCfg = Release|Any CPU
		{9CDBA2F1-E548-45D6-9B9A-5742EE15F1B8}.Release|Any CPU.Build.0 = Release|Any CPU
		{C7404450-C4E5-49D3-826A-6E6D49EE3F42}.Debug|Any CPU.ActiveCfg = Debug|Any CPU
		{C7404450-C4E5-49D3-826A-6E6D49EE3F42}.Debug|Any CPU.Build.0 = Debug|Any CPU
		{C7404450-C4E5-49D3-826A-6E6D49EE3F42}.Release|Any CPU.ActiveCfg = Release|Any CPU
		{C7404450-C4E5-49D3-826A-6E6D49EE3F42}.Release|Any CPU.Build.0 = Release|Any CPU
		{A850B625-6E83-49B3-937C-087156FA1BAF}.Debug|Any CPU.ActiveCfg = Debug|Any CPU
		{A850B625-6E83-49B3-937C-087156FA1BAF}.Debug|Any CPU.Build.0 = Debug|Any CPU
		{A850B625-6E83-49B3-937C-087156FA1BAF}.Release|Any CPU.ActiveCfg = Release|Any CPU
		{A850B625-6E83-49B3-937C-087156FA1BAF}.Release|Any CPU.Build.0 = Release|Any CPU
		{A31CEE6C-E749-4F8B-AEAD-BBD2A8AAC4AA}.Debug|Any CPU.ActiveCfg = Debug|Any CPU
		{A31CEE6C-E749-4F8B-AEAD-BBD2A8AAC4AA}.Debug|Any CPU.Build.0 = Debug|Any CPU
		{A31CEE6C-E749-4F8B-AEAD-BBD2A8AAC4AA}.Release|Any CPU.ActiveCfg = Release|Any CPU
		{A31CEE6C-E749-4F8B-AEAD-BBD2A8AAC4AA}.Release|Any CPU.Build.0 = Release|Any CPU
		{6C66DF72-BA47-4F48-A89E-2C4919A0D8CF}.Debug|Any CPU.ActiveCfg = Debug|Any CPU
		{6C66DF72-BA47-4F48-A89E-2C4919A0D8CF}.Debug|Any CPU.Build.0 = Debug|Any CPU
		{6C66DF72-BA47-4F48-A89E-2C4919A0D8CF}.Release|Any CPU.ActiveCfg = Release|Any CPU
		{6C66DF72-BA47-4F48-A89E-2C4919A0D8CF}.Release|Any CPU.Build.0 = Release|Any CPU
		{25A1292D-562C-4E93-8AA0-7627595546D3}.Debug|Any CPU.ActiveCfg = Debug|Any CPU
		{25A1292D-562C-4E93-8AA0-7627595546D3}.Debug|Any CPU.Build.0 = Debug|Any CPU
		{25A1292D-562C-4E93-8AA0-7627595546D3}.Release|Any CPU.ActiveCfg = Release|Any CPU
		{25A1292D-562C-4E93-8AA0-7627595546D3}.Release|Any CPU.Build.0 = Release|Any CPU
		{8342D30C-FBE4-4FF8-B985-E4E45B956A87}.Debug|Any CPU.ActiveCfg = Debug|Any CPU
		{8342D30C-FBE4-4FF8-B985-E4E45B956A87}.Debug|Any CPU.Build.0 = Debug|Any CPU
		{8342D30C-FBE4-4FF8-B985-E4E45B956A87}.Release|Any CPU.ActiveCfg = Release|Any CPU
		{8342D30C-FBE4-4FF8-B985-E4E45B956A87}.Release|Any CPU.Build.0 = Release|Any CPU
		{E8AC5069-554E-4BEC-9AD6-E3D1144A839E}.Debug|Any CPU.ActiveCfg = Debug|Any CPU
		{E8AC5069-554E-4BEC-9AD6-E3D1144A839E}.Debug|Any CPU.Build.0 = Debug|Any CPU
		{E8AC5069-554E-4BEC-9AD6-E3D1144A839E}.Release|Any CPU.ActiveCfg = Release|Any CPU
		{E8AC5069-554E-4BEC-9AD6-E3D1144A839E}.Release|Any CPU.Build.0 = Release|Any CPU
		{6109EDDD-6973-4DEB-9794-C040629B9020}.Debug|Any CPU.ActiveCfg = Debug|Any CPU
		{6109EDDD-6973-4DEB-9794-C040629B9020}.Debug|Any CPU.Build.0 = Debug|Any CPU
		{6109EDDD-6973-4DEB-9794-C040629B9020}.Release|Any CPU.ActiveCfg = Release|Any CPU
		{6109EDDD-6973-4DEB-9794-C040629B9020}.Release|Any CPU.Build.0 = Release|Any CPU
		{685C044E-4E71-448E-B36D-B7817C434AC6}.Debug|Any CPU.ActiveCfg = Debug|Any CPU
		{685C044E-4E71-448E-B36D-B7817C434AC6}.Debug|Any CPU.Build.0 = Debug|Any CPU
		{685C044E-4E71-448E-B36D-B7817C434AC6}.Release|Any CPU.ActiveCfg = Release|Any CPU
		{685C044E-4E71-448E-B36D-B7817C434AC6}.Release|Any CPU.Build.0 = Release|Any CPU
		{98D98D62-C409-4681-BFA4-4077D60ACDE4}.Debug|Any CPU.ActiveCfg = Debug|Any CPU
		{98D98D62-C409-4681-BFA4-4077D60ACDE4}.Debug|Any CPU.Build.0 = Debug|Any CPU
		{98D98D62-C409-4681-BFA4-4077D60ACDE4}.Release|Any CPU.ActiveCfg = Release|Any CPU
		{98D98D62-C409-4681-BFA4-4077D60ACDE4}.Release|Any CPU.Build.0 = Release|Any CPU
		{0E27F16C-3773-4159-B695-3EAEB83825A3}.Debug|Any CPU.ActiveCfg = Debug|Any CPU
		{0E27F16C-3773-4159-B695-3EAEB83825A3}.Debug|Any CPU.Build.0 = Debug|Any CPU
		{0E27F16C-3773-4159-B695-3EAEB83825A3}.Release|Any CPU.ActiveCfg = Release|Any CPU
		{0E27F16C-3773-4159-B695-3EAEB83825A3}.Release|Any CPU.Build.0 = Release|Any CPU
		{4B3A9FFC-CA56-4184-A802-0904E8ED11E5}.Debug|Any CPU.ActiveCfg = Debug|Any CPU
		{4B3A9FFC-CA56-4184-A802-0904E8ED11E5}.Debug|Any CPU.Build.0 = Debug|Any CPU
		{4B3A9FFC-CA56-4184-A802-0904E8ED11E5}.Release|Any CPU.ActiveCfg = Release|Any CPU
		{4B3A9FFC-CA56-4184-A802-0904E8ED11E5}.Release|Any CPU.Build.0 = Release|Any CPU
		{3A2C7C5C-2761-4298-88A4-AEDA538992BC}.Debug|Any CPU.ActiveCfg = Debug|Any CPU
		{3A2C7C5C-2761-4298-88A4-AEDA538992BC}.Debug|Any CPU.Build.0 = Debug|Any CPU
		{3A2C7C5C-2761-4298-88A4-AEDA538992BC}.Release|Any CPU.ActiveCfg = Release|Any CPU
		{3A2C7C5C-2761-4298-88A4-AEDA538992BC}.Release|Any CPU.Build.0 = Release|Any CPU
		{CA03131A-B1E5-4902-9160-18B96F0864B4}.Debug|Any CPU.ActiveCfg = Debug|Any CPU
		{CA03131A-B1E5-4902-9160-18B96F0864B4}.Debug|Any CPU.Build.0 = Debug|Any CPU
		{CA03131A-B1E5-4902-9160-18B96F0864B4}.Release|Any CPU.ActiveCfg = Release|Any CPU
		{CA03131A-B1E5-4902-9160-18B96F0864B4}.Release|Any CPU.Build.0 = Release|Any CPU
		{39EF177C-AAF0-4B80-B526-79902ADCD902}.Debug|Any CPU.ActiveCfg = Debug|Any CPU
		{39EF177C-AAF0-4B80-B526-79902ADCD902}.Debug|Any CPU.Build.0 = Debug|Any CPU
		{39EF177C-AAF0-4B80-B526-79902ADCD902}.Release|Any CPU.ActiveCfg = Release|Any CPU
		{39EF177C-AAF0-4B80-B526-79902ADCD902}.Release|Any CPU.Build.0 = Release|Any CPU
		{612AF6B9-6EA3-4B72-A767-E3707483F6A5}.Debug|Any CPU.ActiveCfg = Debug|Any CPU
		{612AF6B9-6EA3-4B72-A767-E3707483F6A5}.Debug|Any CPU.Build.0 = Debug|Any CPU
		{612AF6B9-6EA3-4B72-A767-E3707483F6A5}.Release|Any CPU.ActiveCfg = Release|Any CPU
		{612AF6B9-6EA3-4B72-A767-E3707483F6A5}.Release|Any CPU.Build.0 = Release|Any CPU
		{0194101C-643A-4FFE-BB6A-06FCDF7DDA4D}.Debug|Any CPU.ActiveCfg = Debug|Any CPU
		{0194101C-643A-4FFE-BB6A-06FCDF7DDA4D}.Debug|Any CPU.Build.0 = Debug|Any CPU
		{0194101C-643A-4FFE-BB6A-06FCDF7DDA4D}.Release|Any CPU.ActiveCfg = Release|Any CPU
		{0194101C-643A-4FFE-BB6A-06FCDF7DDA4D}.Release|Any CPU.Build.0 = Release|Any CPU
		{E788BAA2-0B97-4703-B50B-6C3EC93DBD9F}.Debug|Any CPU.ActiveCfg = Debug|Any CPU
		{E788BAA2-0B97-4703-B50B-6C3EC93DBD9F}.Debug|Any CPU.Build.0 = Debug|Any CPU
		{E788BAA2-0B97-4703-B50B-6C3EC93DBD9F}.Release|Any CPU.ActiveCfg = Release|Any CPU
		{E788BAA2-0B97-4703-B50B-6C3EC93DBD9F}.Release|Any CPU.Build.0 = Release|Any CPU
		{F5A166E2-F0B7-4FA0-9BFE-8E422F08188D}.Debug|Any CPU.ActiveCfg = Debug|Any CPU
		{F5A166E2-F0B7-4FA0-9BFE-8E422F08188D}.Debug|Any CPU.Build.0 = Debug|Any CPU
		{F5A166E2-F0B7-4FA0-9BFE-8E422F08188D}.Release|Any CPU.ActiveCfg = Release|Any CPU
		{F5A166E2-F0B7-4FA0-9BFE-8E422F08188D}.Release|Any CPU.Build.0 = Release|Any CPU
		{1E651569-D380-420A-81A7-0EFC3DE3BDC5}.Debug|Any CPU.ActiveCfg = Debug|Any CPU
		{1E651569-D380-420A-81A7-0EFC3DE3BDC5}.Debug|Any CPU.Build.0 = Debug|Any CPU
		{1E651569-D380-420A-81A7-0EFC3DE3BDC5}.Release|Any CPU.ActiveCfg = Release|Any CPU
		{1E651569-D380-420A-81A7-0EFC3DE3BDC5}.Release|Any CPU.Build.0 = Release|Any CPU
		{DFD76CD7-4B78-447A-9978-843B818C8271}.Debug|Any CPU.ActiveCfg = Debug|Any CPU
		{DFD76CD7-4B78-447A-9978-843B818C8271}.Debug|Any CPU.Build.0 = Debug|Any CPU
		{DFD76CD7-4B78-447A-9978-843B818C8271}.Release|Any CPU.ActiveCfg = Release|Any CPU
		{DFD76CD7-4B78-447A-9978-843B818C8271}.Release|Any CPU.Build.0 = Release|Any CPU
		{A1DDA23D-841C-4451-8BA7-A0777618ABBF}.Debug|Any CPU.ActiveCfg = Debug|Any CPU
		{A1DDA23D-841C-4451-8BA7-A0777618ABBF}.Debug|Any CPU.Build.0 = Debug|Any CPU
		{A1DDA23D-841C-4451-8BA7-A0777618ABBF}.Release|Any CPU.ActiveCfg = Release|Any CPU
		{A1DDA23D-841C-4451-8BA7-A0777618ABBF}.Release|Any CPU.Build.0 = Release|Any CPU
	EndGlobalSection
EndGlobal
